
Microsoft Visual Studio Solution File, Format Version 12.00
# Visual Studio Version 16
VisualStudioVersion = 16.0.30804.86
MinimumVisualStudioVersion = 10.0.40219.1
Project("{FAE04EC0-301F-11D3-BF4B-00C04F79EFBC}") = "TradingCardventory", "TradingCardventory.csproj", "{D6270DB8-1921-440B-B0F5-54450FCF6A59}"
EndProject
Global
	GlobalSection(SolutionConfigurationPlatforms) = preSolution
		Debug|Any CPU = Debug|Any CPU
		Release|Any CPU = Release|Any CPU
	EndGlobalSection
	GlobalSection(ProjectConfigurationPlatforms) = postSolution
		{D6270DB8-1921-440B-B0F5-54450FCF6A59}.Debug|Any CPU.ActiveCfg = Debug|Any CPU
		{D6270DB8-1921-440B-B0F5-54450FCF6A59}.Debug|Any CPU.Build.0 = Debug|Any CPU
		{D6270DB8-1921-440B-B0F5-54450FCF6A59}.Release|Any CPU.ActiveCfg = Release|Any CPU
		{D6270DB8-1921-440B-B0F5-54450FCF6A59}.Release|Any CPU.Build.0 = Release|Any CPU
	EndGlobalSection
	GlobalSection(SolutionProperties) = preSolution
		HideSolutionNode = FALSE
	EndGlobalSection
	GlobalSection(ExtensibilityGlobals) = postSolution
		SolutionGuid = {DB445FB8-73E7-4EAC-919D-544C0EFB4EC4}
	EndGlobalSection
EndGlobal
